// !$*UTF8*$!
{
	archiveVersion = 1;
	classes = {
	};
	objectVersion = 50;
	objects = {

/* Begin PBXBuildFile section */
		1DA534AF251A7DFB00482134 /* AppDelegate.swift in Sources */ = {isa = PBXBuildFile; fileRef = 1DA534AE251A7DFB00482134 /* AppDelegate.swift */; };
		1DA534B1251A7DFB00482134 /* SceneDelegate.swift in Sources */ = {isa = PBXBuildFile; fileRef = 1DA534B0251A7DFB00482134 /* SceneDelegate.swift */; };
		1DA534B3251A7DFB00482134 /* ViewController.swift in Sources */ = {isa = PBXBuildFile; fileRef = 1DA534B2251A7DFB00482134 /* ViewController.swift */; };
		1DA534B6251A7DFB00482134 /* Main.storyboard in Resources */ = {isa = PBXBuildFile; fileRef = 1DA534B4251A7DFB00482134 /* Main.storyboard */; };
		1DA534B8251A7E0400482134 /* Assets.xcassets in Resources */ = {isa = PBXBuildFile; fileRef = 1DA534B7251A7E0400482134 /* Assets.xcassets */; };
		1DA534BB251A7E0400482134 /* LaunchScreen.storyboard in Resources */ = {isa = PBXBuildFile; fileRef = 1DA534B9251A7E0400482134 /* LaunchScreen.storyboard */; };
		1DA534C6251A7E0400482134 /* TaskTests.swift in Sources */ = {isa = PBXBuildFile; fileRef = 1DA534C5251A7E0400482134 /* TaskTests.swift */; };
		1DA534D1251A7E0400482134 /* TaskUITests.swift in Sources */ = {isa = PBXBuildFile; fileRef = 1DA534D0251A7E0400482134 /* TaskUITests.swift */; };
/* End PBXBuildFile section */

/* Begin PBXContainerItemProxy section */
		1DA534C2251A7E0400482134 /* PBXContainerItemProxy */ = {
			isa = PBXContainerItemProxy;
			containerPortal = 1DA534A3251A7DFB00482134 /* Project object */;
			proxyType = 1;
			remoteGlobalIDString = 1DA534AA251A7DFB00482134;
			remoteInfo = Task;
		};
		1DA534CD251A7E0400482134 /* PBXContainerItemProxy */ = {
			isa = PBXContainerItemProxy;
			containerPortal = 1DA534A3251A7DFB00482134 /* Project object */;
			proxyType = 1;
			remoteGlobalIDString = 1DA534AA251A7DFB00482134;
			remoteInfo = Task;
		};
/* End PBXContainerItemProxy section */

/* Begin PBXFileReference section */
		1DA534AB251A7DFB00482134 /* Task.app */ = {isa = PBXFileReference; explicitFileType = wrapper.application; includeInIndex = 0; path = Task.app; sourceTree = BUILT_PRODUCTS_DIR; };
		1DA534AE251A7DFB00482134 /* AppDelegate.swift */ = {isa = PBXFileReference; lastKnownFileType = sourcecode.swift; path = AppDelegate.swift; sourceTree = "<group>"; };
		1DA534B0251A7DFB00482134 /* SceneDelegate.swift */ = {isa = PBXFileReference; lastKnownFileType = sourcecode.swift; path = SceneDelegate.swift; sourceTree = "<group>"; };
		1DA534B2251A7DFB00482134 /* ViewController.swift */ = {isa = PBXFileReference; lastKnownFileType = sourcecode.swift; path = ViewController.swift; sourceTree = "<group>"; };
		1DA534B5251A7DFB00482134 /* Base */ = {isa = PBXFileReference; lastKnownFileType = file.storyboard; name = Base; path = Base.lproj/Main.storyboard; sourceTree = "<group>"; };
		1DA534B7251A7E0400482134 /* Assets.xcassets */ = {isa = PBXFileReference; lastKnownFileType = folder.assetcatalog; path = Assets.xcassets; sourceTree = "<group>"; };
		1DA534BA251A7E0400482134 /* Base */ = {isa = PBXFileReference; lastKnownFileType = file.storyboard; name = Base; path = Base.lproj/LaunchScreen.storyboard; sourceTree = "<group>"; };
		1DA534BC251A7E0400482134 /* Info.plist */ = {isa = PBXFileReference; lastKnownFileType = text.plist.xml; path = Info.plist; sourceTree = "<group>"; };
		1DA534C1251A7E0400482134 /* TaskTests.xctest */ = {isa = PBXFileReference; explicitFileType = wrapper.cfbundle; includeInIndex = 0; path = TaskTests.xctest; sourceTree = BUILT_PRODUCTS_DIR; };
		1DA534C5251A7E0400482134 /* TaskTests.swift */ = {isa = PBXFileReference; lastKnownFileType = sourcecode.swift; path = TaskTests.swift; sourceTree = "<group>"; };
		1DA534C7251A7E0400482134 /* Info.plist */ = {isa = PBXFileReference; lastKnownFileType = text.plist.xml; path = Info.plist; sourceTree = "<group>"; };
		1DA534CC251A7E0400482134 /* TaskUITests.xctest */ = {isa = PBXFileReference; explicitFileType = wrapper.cfbundle; includeInIndex = 0; path = TaskUITests.xctest; sourceTree = BUILT_PRODUCTS_DIR; };
		1DA534D0251A7E0400482134 /* TaskUITests.swift */ = {isa = PBXFileReference; lastKnownFileType = sourcecode.swift; path = TaskUITests.swift; sourceTree = "<group>"; };
		1DA534D2251A7E0400482134 /* Info.plist */ = {isa = PBXFileReference; lastKnownFileType = text.plist.xml; path = Info.plist; sourceTree = "<group>"; };
/* End PBXFileReference section */

/* Begin PBXFrameworksBuildPhase section */
		1DA534A8251A7DFB00482134 /* Frameworks */ = {
			isa = PBXFrameworksBuildPhase;
			buildActionMask = 2147483647;
			files = (
			);
			runOnlyForDeploymentPostprocessing = 0;
		};
		1DA534BE251A7E0400482134 /* Frameworks */ = {
			isa = PBXFrameworksBuildPhase;
			buildActionMask = 2147483647;
			files = (
			);
			runOnlyForDeploymentPostprocessing = 0;
		};
		1DA534C9251A7E0400482134 /* Frameworks */ = {
			isa = PBXFrameworksBuildPhase;
			buildActionMask = 2147483647;
			files = (
			);
			runOnlyForDeploymentPostprocessing = 0;
		};
/* End PBXFrameworksBuildPhase section */

/* Begin PBXGroup section */
		1DA534A2251A7DFB00482134 = {
			isa = PBXGroup;
			children = (
				1DA534AD251A7DFB00482134 /* Task */,
				1DA534C4251A7E0400482134 /* TaskTests */,
				1DA534CF251A7E0400482134 /* TaskUITests */,
				1DA534AC251A7DFB00482134 /* Products */,
			);
			sourceTree = "<group>";
		};
		1DA534AC251A7DFB00482134 /* Products */ = {
			isa = PBXGroup;
			children = (
				1DA534AB251A7DFB00482134 /* Task.app */,
				1DA534C1251A7E0400482134 /* TaskTests.xctest */,
				1DA534CC251A7E0400482134 /* TaskUITests.xctest */,
			);
			name = Products;
			sourceTree = "<group>";
		};
		1DA534AD251A7DFB00482134 /* Task */ = {
			isa = PBXGroup;
			children = (
				1DA534AE251A7DFB00482134 /* AppDelegate.swift */,
				1DA534B0251A7DFB00482134 /* SceneDelegate.swift */,
				1DA534B2251A7DFB00482134 /* ViewController.swift */,
				1DA534B4251A7DFB00482134 /* Main.storyboard */,
				1DA534B7251A7E0400482134 /* Assets.xcassets */,
				1DA534B9251A7E0400482134 /* LaunchScreen.storyboard */,
				1DA534BC251A7E0400482134 /* Info.plist */,
			);
			path = Task;
			sourceTree = "<group>";
		};
		1DA534C4251A7E0400482134 /* TaskTests */ = {
			isa = PBXGroup;
			children = (
				1DA534C5251A7E0400482134 /* TaskTests.swift */,
				1DA534C7251A7E0400482134 /* Info.plist */,
			);
			path = TaskTests;
			sourceTree = "<group>";
		};
		1DA534CF251A7E0400482134 /* TaskUITests */ = {
			isa = PBXGroup;
			children = (
				1DA534D0251A7E0400482134 /* TaskUITests.swift */,
				1DA534D2251A7E0400482134 /* Info.plist */,
			);
			path = TaskUITests;
			sourceTree = "<group>";
		};
/* End PBXGroup section */

/* Begin PBXNativeTarget section */
		1DA534AA251A7DFB00482134 /* Task */ = {
			isa = PBXNativeTarget;
			buildConfigurationList = 1DA534D5251A7E0400482134 /* Build configuration list for PBXNativeTarget "Task" */;
			buildPhases = (
				1DA534A7251A7DFB00482134 /* Sources */,
				1DA534A8251A7DFB00482134 /* Frameworks */,
				1DA534A9251A7DFB00482134 /* Resources */,
			);
			buildRules = (
			);
			dependencies = (
			);
			name = Task;
			productName = Task;
			productReference = 1DA534AB251A7DFB00482134 /* Task.app */;
			productType = "com.apple.product-type.application";
		};
		1DA534C0251A7E0400482134 /* TaskTests */ = {
			isa = PBXNativeTarget;
			buildConfigurationList = 1DA534D8251A7E0400482134 /* Build configuration list for PBXNativeTarget "TaskTests" */;
			buildPhases = (
				1DA534BD251A7E0400482134 /* Sources */,
				1DA534BE251A7E0400482134 /* Frameworks */,
				1DA534BF251A7E0400482134 /* Resources */,
			);
			buildRules = (
			);
			dependencies = (
				1DA534C3251A7E0400482134 /* PBXTargetDependency */,
			);
			name = TaskTests;
			productName = TaskTests;
			productReference = 1DA534C1251A7E0400482134 /* TaskTests.xctest */;
			productType = "com.apple.product-type.bundle.unit-test";
		};
		1DA534CB251A7E0400482134 /* TaskUITests */ = {
			isa = PBXNativeTarget;
			buildConfigurationList = 1DA534DB251A7E0400482134 /* Build configuration list for PBXNativeTarget "TaskUITests" */;
			buildPhases = (
				1DA534C8251A7E0400482134 /* Sources */,
				1DA534C9251A7E0400482134 /* Frameworks */,
				1DA534CA251A7E0400482134 /* Resources */,
			);
			buildRules = (
			);
			dependencies = (
				1DA534CE251A7E0400482134 /* PBXTargetDependency */,
			);
			name = TaskUITests;
			productName = TaskUITests;
			productReference = 1DA534CC251A7E0400482134 /* TaskUITests.xctest */;
			productType = "com.apple.product-type.bundle.ui-testing";
		};
/* End PBXNativeTarget section */

/* Begin PBXProject section */
		1DA534A3251A7DFB00482134 /* Project object */ = {
			isa = PBXProject;
			attributes = {
				LastSwiftUpdateCheck = 1150;
				LastUpgradeCheck = 1150;
				ORGANIZATIONNAME = XYZ;
				TargetAttributes = {
					1DA534AA251A7DFB00482134 = {
						CreatedOnToolsVersion = 11.5;
					};
					1DA534C0251A7E0400482134 = {
						CreatedOnToolsVersion = 11.5;
						TestTargetID = 1DA534AA251A7DFB00482134;
					};
					1DA534CB251A7E0400482134 = {
						CreatedOnToolsVersion = 11.5;
						TestTargetID = 1DA534AA251A7DFB00482134;
					};
				};
			};
			buildConfigurationList = 1DA534A6251A7DFB00482134 /* Build configuration list for PBXProject "Task" */;
			compatibilityVersion = "Xcode 9.3";
			developmentRegion = en;
			hasScannedForEncodings = 0;
			knownRegions = (
				en,
				Base,
			);
			mainGroup = 1DA534A2251A7DFB00482134;
			productRefGroup = 1DA534AC251A7DFB00482134 /* Products */;
			projectDirPath = "";
			projectRoot = "";
			targets = (
				1DA534AA251A7DFB00482134 /* Task */,
				1DA534C0251A7E0400482134 /* TaskTests */,
				1DA534CB251A7E0400482134 /* TaskUITests */,
			);
		};
/* End PBXProject section */

/* Begin PBXResourcesBuildPhase section */
		1DA534A9251A7DFB00482134 /* Resources */ = {
			isa = PBXResourcesBuildPhase;
			buildActionMask = 2147483647;
			files = (
				1DA534BB251A7E0400482134 /* LaunchScreen.storyboard in Resources */,
				1DA534B8251A7E0400482134 /* Assets.xcassets in Resources */,
				1DA534B6251A7DFB00482134 /* Main.storyboard in Resources */,
			);
			runOnlyForDeploymentPostprocessing = 0;
		};
		1DA534BF251A7E0400482134 /* Resources */ = {
			isa = PBXResourcesBuildPhase;
			buildActionMask = 2147483647;
			files = (
			);
			runOnlyForDeploymentPostprocessing = 0;
		};
		1DA534CA251A7E0400482134 /* Resources */ = {
			isa = PBXResourcesBuildPhase;
			buildActionMask = 2147483647;
			files = (
			);
			runOnlyForDeploymentPostprocessing = 0;
		};
/* End PBXResourcesBuildPhase section */

/* Begin PBXSourcesBuildPhase section */
		1DA534A7251A7DFB00482134 /* Sources */ = {
			isa = PBXSourcesBuildPhase;
			buildActionMask = 2147483647;
			files = (
				1DA534B3251A7DFB00482134 /* ViewController.swift in Sources */,
				1DA534AF251A7DFB00482134 /* AppDelegate.swift in Sources */,
				1DA534B1251A7DFB00482134 /* SceneDelegate.swift in Sources */,
			);
			runOnlyForDeploymentPostprocessing = 0;
		};
		1DA534BD251A7E0400482134 /* Sources */ = {
			isa = PBXSourcesBuildPhase;
			buildActionMask = 2147483647;
			files = (
				1DA534C6251A7E0400482134 /* TaskTests.swift in Sources */,
			);
			runOnlyForDeploymentPostprocessing = 0;
		};
		1DA534C8251A7E0400482134 /* Sources */ = {
			isa = PBXSourcesBuildPhase;
			buildActionMask = 2147483647;
			files = (
				1DA534D1251A7E0400482134 /* TaskUITests.swift in Sources */,
			);
			runOnlyForDeploymentPostprocessing = 0;
		};
/* End PBXSourcesBuildPhase section */

/* Begin PBXTargetDependency section */
		1DA534C3251A7E0400482134 /* PBXTargetDependency */ = {
			isa = PBXTargetDependency;
			target = 1DA534AA251A7DFB00482134 /* Task */;
			targetProxy = 1DA534C2251A7E0400482134 /* PBXContainerItemProxy */;
		};
		1DA534CE251A7E0400482134 /* PBXTargetDependency */ = {
			isa = PBXTargetDependency;
			target = 1DA534AA251A7DFB00482134 /* Task */;
			targetProxy = 1DA534CD251A7E0400482134 /* PBXContainerItemProxy */;
		};
/* End PBXTargetDependency section */

/* Begin PBXVariantGroup section */
		1DA534B4251A7DFB00482134 /* Main.storyboard */ = {
			isa = PBXVariantGroup;
			children = (
				1DA534B5251A7DFB00482134 /* Base */,
			);
			name = Main.storyboard;
			sourceTree = "<group>";
		};
		1DA534B9251A7E0400482134 /* LaunchScreen.storyboard */ = {
			isa = PBXVariantGroup;
			children = (
				1DA534BA251A7E0400482134 /* Base */,
			);
			name = LaunchScreen.storyboard;
			sourceTree = "<group>";
		};
/* End PBXVariantGroup section */

/* Begin XCBuildConfiguration section */
		1DA534D3251A7E0400482134 /* Debug */ = {
			isa = XCBuildConfiguration;
			buildSettings = {
				ALWAYS_SEARCH_USER_PATHS = NO;
				CLANG_ANALYZER_NONNULL = YES;
				CLANG_ANALYZER_NUMBER_OBJECT_CONVERSION = YES_AGGRESSIVE;
				CLANG_CXX_LANGUAGE_STANDARD = "gnu++14";
				CLANG_CXX_LIBRARY = "libc++";
				CLANG_ENABLE_MODULES = YES;
				CLANG_ENABLE_OBJC_ARC = YES;
				CLANG_ENABLE_OBJC_WEAK = YES;
				CLANG_WARN_BLOCK_CAPTURE_AUTORELEASING = YES;
				CLANG_WARN_BOOL_CONVERSION = YES;
				CLANG_WARN_COMMA = YES;
				CLANG_WARN_CONSTANT_CONVERSION = YES;
				CLANG_WARN_DEPRECATED_OBJC_IMPLEMENTATIONS = YES;
				CLANG_WARN_DIRECT_OBJC_ISA_USAGE = YES_ERROR;
				CLANG_WARN_DOCUMENTATION_COMMENTS = YES;
				CLANG_WARN_EMPTY_BODY = YES;
				CLANG_WARN_ENUM_CONVERSION = YES;
				CLANG_WARN_INFINITE_RECURSION = YES;
				CLANG_WARN_INT_CONVERSION = YES;
				CLANG_WARN_NON_LITERAL_NULL_CONVERSION = YES;
				CLANG_WARN_OBJC_IMPLICIT_RETAIN_SELF = YES;
				CLANG_WARN_OBJC_LITERAL_CONVERSION = YES;
				CLANG_WARN_OBJC_ROOT_CLASS = YES_ERROR;
				CLANG_WARN_RANGE_LOOP_ANALYSIS = YES;
				CLANG_WARN_STRICT_PROTOTYPES = YES;
				CLANG_WARN_SUSPICIOUS_MOVE = YES;
				CLANG_WARN_UNGUARDED_AVAILABILITY = YES_AGGRESSIVE;
				CLANG_WARN_UNREACHABLE_CODE = YES;
				CLANG_WARN__DUPLICATE_METHOD_MATCH = YES;
				COPY_PHASE_STRIP = NO;
				DEBUG_INFORMATION_FORMAT = dwarf;
				ENABLE_STRICT_OBJC_MSGSEND = YES;
				ENABLE_TESTABILITY = YES;
				GCC_C_LANGUAGE_STANDARD = gnu11;
				GCC_DYNAMIC_NO_PIC = NO;
				GCC_NO_COMMON_BLOCKS = YES;
				GCC_OPTIMIZATION_LEVEL = 0;
				GCC_PREPROCESSOR_DEFINITIONS = (
					"DEBUG=1",
					"$(inherited)",
				);
				GCC_WARN_64_TO_32_BIT_CONVERSION = YES;
				GCC_WARN_ABOUT_RETURN_TYPE = YES_ERROR;
				GCC_WARN_UNDECLARED_SELECTOR = YES;
				GCC_WARN_UNINITIALIZED_AUTOS = YES_AGGRESSIVE;
				GCC_WARN_UNUSED_FUNCTION = YES;
				GCC_WARN_UNUSED_VARIABLE = YES;
				IPHONEOS_DEPLOYMENT_TARGET = 13.5;
				MTL_ENABLE_DEBUG_INFO = INCLUDE_SOURCE;
				MTL_FAST_MATH = YES;
				ONLY_ACTIVE_ARCH = YES;
				SDKROOT = iphoneos;
				SWIFT_ACTIVE_COMPILATION_CONDITIONS = DEBUG;
				SWIFT_OPTIMIZATION_LEVEL = "-Onone";
			};
			name = Debug;
		};
		1DA534D4251A7E0400482134 /* Release */ = {
			isa = XCBuildConfiguration;
			buildSettings = {
				ALWAYS_SEARCH_USER_PATHS = NO;
				CLANG_ANALYZER_NONNULL = YES;
				CLANG_ANALYZER_NUMBER_OBJECT_CONVERSION = YES_AGGRESSIVE;
				CLANG_CXX_LANGUAGE_STANDARD = "gnu++14";
				CLANG_CXX_LIBRARY = "libc++";
				CLANG_ENABLE_MODULES = YES;
				CLANG_ENABLE_OBJC_ARC = YES;
				CLANG_ENABLE_OBJC_WEAK = YES;
				CLANG_WARN_BLOCK_CAPTURE_AUTORELEASING = YES;
				CLANG_WARN_BOOL_CONVERSION = YES;
				CLANG_WARN_COMMA = YES;
				CLANG_WARN_CONSTANT_CONVERSION = YES;
				CLANG_WARN_DEPRECATED_OBJC_IMPLEMENTATIONS = YES;
				CLANG_WARN_DIRECT_OBJC_ISA_USAGE = YES_ERROR;
				CLANG_WARN_DOCUMENTATION_COMMENTS = YES;
				CLANG_WARN_EMPTY_BODY = YES;
				CLANG_WARN_ENUM_CONVERSION = YES;
				CLANG_WARN_INFINITE_RECURSION = YES;
				CLANG_WARN_INT_CONVERSION = YES;
				CLANG_WARN_NON_LITERAL_NULL_CONVERSION = YES;
				CLANG_WARN_OBJC_IMPLICIT_RETAIN_SELF = YES;
				CLANG_WARN_OBJC_LITERAL_CONVERSION = YES;
				CLANG_WARN_OBJC_ROOT_CLASS = YES_ERROR;
				CLANG_WARN_RANGE_LOOP_ANALYSIS = YES;
				CLANG_WARN_STRICT_PROTOTYPES = YES;
				CLANG_WARN_SUSPICIOUS_MOVE = YES;
				CLANG_WARN_UNGUARDED_AVAILABILITY = YES_AGGRESSIVE;
				CLANG_WARN_UNREACHABLE_CODE = YES;
				CLANG_WARN__DUPLICATE_METHOD_MATCH = YES;
				COPY_PHASE_STRIP = NO;
				DEBUG_INFORMATION_FORMAT = "dwarf-with-dsym";
				ENABLE_NS_ASSERTIONS = NO;
				ENABLE_STRICT_OBJC_MSGSEND = YES;
				GCC_C_LANGUAGE_STANDARD = gnu11;
				GCC_NO_COMMON_BLOCKS = YES;
				GCC_WARN_64_TO_32_BIT_CONVERSION = YES;
				GCC_WARN_ABOUT_RETURN_TYPE = YES_ERROR;
				GCC_WARN_UNDECLARED_SELECTOR = YES;
				GCC_WARN_UNINITIALIZED_AUTOS = YES_AGGRESSIVE;
				GCC_WARN_UNUSED_FUNCTION = YES;
				GCC_WARN_UNUSED_VARIABLE = YES;
				IPHONEOS_DEPLOYMENT_TARGET = 13.5;
				MTL_ENABLE_DEBUG_INFO = NO;
				MTL_FAST_MATH = YES;
				SDKROOT = iphoneos;
				SWIFT_COMPILATION_MODE = wholemodule;
				SWIFT_OPTIMIZATION_LEVEL = "-O";
				VALIDATE_PRODUCT = YES;
			};
			name = Release;
		};
		1DA534D6251A7E0400482134 /* Debug */ = {
			isa = XCBuildConfiguration;
			buildSettings = {
				ASSETCATALOG_COMPILER_APPICON_NAME = AppIcon;
				CODE_SIGN_STYLE = Automatic;
				INFOPLIST_FILE = Task/Info.plist;
				LD_RUNPATH_SEARCH_PATHS = (
					"$(inherited)",
					"@executable_path/Frameworks",
				);
				PRODUCT_BUNDLE_IDENTIFIER = xyz.Task;
				PRODUCT_NAME = "$(TARGET_NAME)";
				SWIFT_VERSION = 5.0;
				TARGETED_DEVICE_FAMILY = "1,2";
			};
			name = Debug;
		};
		1DA534D7251A7E0400482134 /* Release */ = {
			isa = XCBuildConfiguration;
			buildSettings = {
				ASSETCATALOG_COMPILER_APPICON_NAME = AppIcon;
				CODE_SIGN_STYLE = Automatic;
				INFOPLIST_FILE = Task/Info.plist;
				LD_RUNPATH_SEARCH_PATHS = (
					"$(inherited)",
					"@executable_path/Frameworks",
				);
				PRODUCT_BUNDLE_IDENTIFIER = xyz.Task;
				PRODUCT_NAME = "$(TARGET_NAME)";
				SWIFT_VERSION = 5.0;
				TARGETED_DEVICE_FAMILY = "1,2";
			};
			name = Release;
		};
		1DA534D9251A7E0400482134 /* Debug */ = {
			isa = XCBuildConfiguration;
			buildSettings = {
				ALWAYS_EMBED_SWIFT_STANDARD_LIBRARIES = YES;
				BUNDLE_LOADER = "$(TEST_HOST)";
				CODE_SIGN_STYLE = Automatic;
				INFOPLIST_FILE = TaskTests/Info.plist;
				IPHONEOS_DEPLOYMENT_TARGET = 13.5;
				LD_RUNPATH_SEARCH_PATHS = (
					"$(inherited)",
					"@executable_path/Frameworks",
					"@loader_path/Frameworks",
				);
				PRODUCT_BUNDLE_IDENTIFIER = xyz.TaskTests;
				PRODUCT_NAME = "$(TARGET_NAME)";
				SWIFT_VERSION = 5.0;
				TARGETED_DEVICE_FAMILY = "1,2";
				TEST_HOST = "$(BUILT_PRODUCTS_DIR)/Task.app/Task";
			};
			name = Debug;
		};
		1DA534DA251A7E0400482134 /* Release */ = {
			isa = XCBuildConfiguration;
			buildSettings = {
				ALWAYS_EMBED_SWIFT_STANDARD_LIBRARIES = YES;
				BUNDLE_LOADER = "$(TEST_HOST)";
				CODE_SIGN_STYLE = Automatic;
				INFOPLIST_FILE = TaskTests/Info.plist;
				IPHONEOS_DEPLOYMENT_TARGET = 13.5;
				LD_RUNPATH_SEARCH_PATHS = (
					"$(inherited)",
					"@executable_path/Frameworks",
					"@loader_path/Frameworks",
				);
				PRODUCT_BUNDLE_IDENTIFIER = xyz.TaskTests;
				PRODUCT_NAME = "$(TARGET_NAME)";
				SWIFT_VERSION = 5.0;
				TARGETED_DEVICE_FAMILY = "1,2";
				TEST_HOST = "$(BUILT_PRODUCTS_DIR)/Task.app/Task";
			};
			name = Release;
		};
		1DA534DC251A7E0400482134 /* Debug */ = {
			isa = XCBuildConfiguration;
			buildSettings = {
				ALWAYS_EMBED_SWIFT_STANDARD_LIBRARIES = YES;
				CODE_SIGN_STYLE = Automatic;
				INFOPLIST_FILE = TaskUITests/Info.plist;
				LD_RUNPATH_SEARCH_PATHS = (
					"$(inherited)",
					"@executable_path/Frameworks",
					"@loader_path/Frameworks",
				);
				PRODUCT_BUNDLE_IDENTIFIER = xyz.TaskUITests;
				PRODUCT_NAME = "$(TARGET_NAME)";
				SWIFT_VERSION = 5.0;
				TARGETED_DEVICE_FAMILY = "1,2";
				TEST_TARGET_NAME = Task;
			};
			name = Debug;
		};
		1DA534DD251A7E0400482134 /* Release */ = {
			isa = XCBuildConfiguration;
			buildSettings = {
				ALWAYS_EMBED_SWIFT_STANDARD_LIBRARIES = YES;
				CODE_SIGN_STYLE = Automatic;
				INFOPLIST_FILE = TaskUITests/Info.plist;
				LD_RUNPATH_SEARCH_PATHS = (
					"$(inherited)",
					"@executable_path/Frameworks",
					"@loader_path/Frameworks",
				);
				PRODUCT_BUNDLE_IDENTIFIER = xyz.TaskUITests;
				PRODUCT_NAME = "$(TARGET_NAME)";
				SWIFT_VERSION = 5.0;
				TARGETED_DEVICE_FAMILY = "1,2";
				TEST_TARGET_NAME = Task;
			};
			name = Release;
		};
/* End XCBuildConfiguration section */

/* Begin XCConfigurationList section */
		1DA534A6251A7DFB00482134 /* Build configuration list for PBXProject "Task" */ = {
			isa = XCConfigurationList;
			buildConfigurations = (
				1DA534D3251A7E0400482134 /* Debug */,
				1DA534D4251A7E0400482134 /* Release */,
			);
			defaultConfigurationIsVisible = 0;
			defaultConfigurationName = Release;
		};
		1DA534D5251A7E0400482134 /* Build configuration list for PBXNativeTarget "Task" */ = {
			isa = XCConfigurationList;
			buildConfigurations = (
				1DA534D6251A7E0400482134 /* Debug */,
				1DA534D7251A7E0400482134 /* Release */,
			);
			defaultConfigurationIsVisible = 0;
			defaultConfigurationName = Release;
		};
		1DA534D8251A7E0400482134 /* Build configuration list for PBXNativeTarget "TaskTests" */ = {
			isa = XCConfigurationList;
			buildConfigurations = (
				1DA534D9251A7E0400482134 /* Debug */,
				1DA534DA251A7E0400482134 /* Release */,
			);
			defaultConfigurationIsVisible = 0;
			defaultConfigurationName = Release;
		};
		1DA534DB251A7E0400482134 /* Build configuration list for PBXNativeTarget "TaskUITests" */ = {
			isa = XCConfigurationList;
			buildConfigurations = (
				1DA534DC251A7E0400482134 /* Debug */,
				1DA534DD251A7E0400482134 /* Release */,
			);
			defaultConfigurationIsVisible = 0;
			defaultConfigurationName = Release;
		};
/* End XCConfigurationList section */
	};
	rootObject = 1DA534A3251A7DFB00482134 /* Project object */;
}
